<?xml version="1.0" encoding="utf-8"?>
<Project ToolsVersion="4.0" xmlns="http://schemas.microsoft.com/developer/msbuild/2003">
  <ItemGroup>
    <ClCompile Include="GamePCH.cpp" />
    <ClCompile Include="Scene_Game.cpp">
      <Filter>Scenes</Filter>
    </ClCompile>
    <ClCompile Include="VGame.cpp">
      <Filter>Game</Filter>
    </ClCompile>
  </ItemGroup>
  <ItemGroup>
    <ClInclude Include="GamePCH.h" />
    <ClInclude Include="Scene_Game.h">
      <Filter>Scenes</Filter>
    </ClInclude>
    <ClInclude Include="VGame.h">
      <Filter>Game</Filter>
    </ClInclude>
  </ItemGroup>
  <ItemGroup>
    <Filter Include="Game">
      <UniqueIdentifier>{fa536a45-d304-4a98-91a6-8a3170540942}</UniqueIdentifier>
    </Filter>
    <Filter Include="Scenes">
      <UniqueIdentifier>{35b33ddf-c8f4-4111-b39f-fa7a896a6457}</UniqueIdentifier>
    </Filter>
  </ItemGroup>
</Project>