<?xml version="1.0" encoding="utf-8"?>
<Project ToolsVersion="4.0" xmlns="http://schemas.microsoft.com/developer/msbuild/2003">
  <ItemGroup>
    <ClCompile Include="VanaheimEngine.cpp" />
    <ClCompile Include="VanaheimPCH.cpp" />
    <ClCompile Include="Game.cpp">
      <Filter>General</Filter>
    </ClCompile>
    <ClCompile Include="GameObject.cpp">
      <Filter>General</Filter>
    </ClCompile>
    <ClCompile Include="Scene.cpp">
      <Filter>General</Filter>
    </ClCompile>
    <ClCompile Include="CameraComponent.cpp">
      <Filter>Patterns\Components</Filter>
    </ClCompile>
    <ClCompile Include="Component.cpp">
      <Filter>Patterns\Components</Filter>
    </ClCompile>
    <ClCompile Include="UIComponent.cpp">
      <Filter>Patterns\Components</Filter>
    </ClCompile>
    <ClCompile Include="TransformComponent.cpp">
      <Filter>Patterns\Components</Filter>
    </ClCompile>
    <ClCompile Include="RenderComponent.cpp">
      <Filter>Patterns\Components</Filter>
    </ClCompile>
    <ClCompile Include="NameComponent.cpp">
      <Filter>Patterns\Components</Filter>
    </ClCompile>
    <ClCompile Include="ModelComponent.cpp">
      <Filter>Patterns\Components</Filter>
    </ClCompile>
    <ClCompile Include="LineComponent.cpp">
      <Filter>Patterns\Components</Filter>
    </ClCompile>
    <ClCompile Include="UI.cpp">
      <Filter>UI</Filter>
    </ClCompile>
    <ClCompile Include="Command.cpp">
      <Filter>Patterns\Command</Filter>
    </ClCompile>
    <ClCompile Include="MoveCameraCommand.cpp">
      <Filter>Patterns\Command</Filter>
    </ClCompile>
    <ClCompile Include="RotateCameraCommand.cpp">
      <Filter>Patterns\Command</Filter>
    </ClCompile>
    <ClCompile Include="Cube.cpp">
      <Filter>Geometry\Mesh</Filter>
    </ClCompile>
    <ClCompile Include="Line.cpp">
      <Filter>Geometry\Mesh</Filter>
    </ClCompile>
    <ClCompile Include="Mesh.cpp">
      <Filter>Geometry\Mesh</Filter>
    </ClCompile>
    <ClCompile Include="Mesh_Base.cpp">
      <Filter>Geometry\Mesh</Filter>
    </ClCompile>
    <ClCompile Include="Voxel.cpp">
      <Filter>Geometry\Mesh</Filter>
    </ClCompile>
    <ClCompile Include="DebugLogger.cpp">
      <Filter>Logging</Filter>
    </ClCompile>
    <ClCompile Include="Material.cpp">
      <Filter>Geometry\Material</Filter>
    </ClCompile>
    <ClCompile Include="Material_Basic.cpp">
      <Filter>Geometry\Material</Filter>
    </ClCompile>
    <ClCompile Include="Material_GPUInstance.cpp">
      <Filter>Geometry\Material</Filter>
    </ClCompile>
    <ClCompile Include="Material_ProcGen.cpp">
      <Filter>Geometry\Material</Filter>
    </ClCompile>
    <ClCompile Include="Material_ProcGen_GPU.cpp">
      <Filter>Geometry\Material</Filter>
    </ClCompile>
    <ClCompile Include="Texture.cpp">
      <Filter>Geometry\Texture</Filter>
    </ClCompile>
    <ClCompile Include="Image.cpp">
      <Filter>Helpers</Filter>
    </ClCompile>
    <ClCompile Include="Timer.cpp">
      <Filter>Helpers</Filter>
    </ClCompile>
    <ClCompile Include="KDTree.cpp">
      <Filter>Data structures</Filter>
    </ClCompile>
    <ClCompile Include="Octree.cpp">
      <Filter>Data structures</Filter>
    </ClCompile>
    <ClCompile Include="OBJParser.cpp">
      <Filter>Geometry\OBJ</Filter>
    </ClCompile>
    <ClCompile Include="GeneratorManager.cpp">
      <Filter>Manager</Filter>
    </ClCompile>
    <ClCompile Include="InputManager.cpp">
      <Filter>Manager</Filter>
    </ClCompile>
    <ClCompile Include="ResourceManager.cpp">
      <Filter>Manager</Filter>
    </ClCompile>
    <ClCompile Include="SceneManager.cpp">
      <Filter>Manager</Filter>
    </ClCompile>
    <ClCompile Include="UIManager.cpp">
      <Filter>Manager</Filter>
    </ClCompile>
    <ClCompile Include="Graphics.cpp">
      <Filter>Internal</Filter>
    </ClCompile>
    <ClCompile Include="Mouse.cpp">
      <Filter>Internal</Filter>
    </ClCompile>
    <ClCompile Include="Window.cpp">
      <Filter>Internal</Filter>
    </ClCompile>
    <ClCompile Include="Subject.cpp">
      <Filter>Patterns\Observer</Filter>
    </ClCompile>
    <ClCompile Include="Observer.cpp">
      <Filter>Patterns\Observer</Filter>
    </ClCompile>
    <ClCompile Include="SceneSerializer.cpp">
      <Filter>General</Filter>
    </ClCompile>
    <ClCompile Include="Generator.cpp">
      <Filter>Generator</Filter>
    </ClCompile>
    <ClCompile Include="NoiseGenerator.cpp">
      <Filter>Generator</Filter>
    </ClCompile>
    <ClCompile Include="TerrainGenerator.cpp">
      <Filter>Generator</Filter>
    </ClCompile>
    <ClCompile Include="Locator.cpp">
      <Filter>Patterns\Locator</Filter>
    </ClCompile>
    <ClCompile Include="ConsoleUI.cpp">
      <Filter>UI\General</Filter>
    </ClCompile>
    <ClCompile Include="HierarchyUI.cpp">
      <Filter>UI\General</Filter>
    </ClCompile>
    <ClCompile Include="InspectorUI.cpp">
      <Filter>UI\General</Filter>
    </ClCompile>
    <ClCompile Include="ViewportUI.cpp">
      <Filter>UI\General</Filter>
    </ClCompile>
    <ClCompile Include="GeneratorUI.cpp">
      <Filter>UI\Test</Filter>
    </ClCompile>
    <ClCompile Include="DemoUI.cpp">
      <Filter>UI\Test</Filter>
    </ClCompile>
    <ClCompile Include="OBJWriter.cpp">
      <Filter>Geometry\OBJ</Filter>
    </ClCompile>
  </ItemGroup>
  <ItemGroup>
    <ClInclude Include="VanaheimEngine.h" />
    <ClInclude Include="VanaheimPCH.h" />
    <ClInclude Include="Game.h">
      <Filter>General</Filter>
    </ClInclude>
    <ClInclude Include="GameObject.h">
      <Filter>General</Filter>
    </ClInclude>
    <ClInclude Include="Scene.h">
      <Filter>General</Filter>
    </ClInclude>
    <ClInclude Include="CameraComponent.h">
      <Filter>Patterns\Components</Filter>
    </ClInclude>
    <ClInclude Include="Component.h">
      <Filter>Patterns\Components</Filter>
    </ClInclude>
    <ClInclude Include="UIComponent.h">
      <Filter>Patterns\Components</Filter>
    </ClInclude>
    <ClInclude Include="TransformComponent.h">
      <Filter>Patterns\Components</Filter>
    </ClInclude>
    <ClInclude Include="RenderComponent.h">
      <Filter>Patterns\Components</Filter>
    </ClInclude>
    <ClInclude Include="NameComponent.h">
      <Filter>Patterns\Components</Filter>
    </ClInclude>
    <ClInclude Include="ModelComponent.h">
      <Filter>Patterns\Components</Filter>
    </ClInclude>
    <ClInclude Include="LineComponent.h">
      <Filter>Patterns\Components</Filter>
    </ClInclude>
    <ClInclude Include="UI.h">
      <Filter>UI</Filter>
    </ClInclude>
    <ClInclude Include="UIData.h">
      <Filter>UI</Filter>
    </ClInclude>
    <ClInclude Include="Command.h">
      <Filter>Patterns\Command</Filter>
    </ClInclude>
    <ClInclude Include="MoveCameraCommand.h">
      <Filter>Patterns\Command</Filter>
    </ClInclude>
    <ClInclude Include="RotateCameraCommand.h">
      <Filter>Patterns\Command</Filter>
    </ClInclude>
    <ClInclude Include="DebugLogger.h">
      <Filter>Logging</Filter>
    </ClInclude>
    <ClInclude Include="Cube.h">
      <Filter>Geometry\Mesh</Filter>
    </ClInclude>
    <ClInclude Include="Line.h">
      <Filter>Geometry\Mesh</Filter>
    </ClInclude>
    <ClInclude Include="Mesh.h">
      <Filter>Geometry\Mesh</Filter>
    </ClInclude>
    <ClInclude Include="Mesh_Base.h">
      <Filter>Geometry\Mesh</Filter>
    </ClInclude>
    <ClInclude Include="Voxel.h">
      <Filter>Geometry\Mesh</Filter>
    </ClInclude>
    <ClInclude Include="Material.h">
      <Filter>Geometry\Material</Filter>
    </ClInclude>
    <ClInclude Include="Material_Basic.h">
      <Filter>Geometry\Material</Filter>
    </ClInclude>
    <ClInclude Include="Material_GPUInstance.h">
      <Filter>Geometry\Material</Filter>
    </ClInclude>
    <ClInclude Include="Material_ProcGen.h">
      <Filter>Geometry\Material</Filter>
    </ClInclude>
    <ClInclude Include="Material_ProcGen_GPU.h">
      <Filter>Geometry\Material</Filter>
    </ClInclude>
    <ClInclude Include="Texture.h">
      <Filter>Geometry\Texture</Filter>
    </ClInclude>
    <ClInclude Include="Image.h">
      <Filter>Helpers</Filter>
    </ClInclude>
    <ClInclude Include="Timer.h">
      <Filter>Helpers</Filter>
    </ClInclude>
    <ClInclude Include="MathHelper.h">
      <Filter>Helpers</Filter>
    </ClInclude>
    <ClInclude Include="KDTree.h">
      <Filter>Data structures</Filter>
    </ClInclude>
    <ClInclude Include="Octree.h">
      <Filter>Data structures</Filter>
    </ClInclude>
    <ClInclude Include="OBJParser.h">
      <Filter>Geometry\OBJ</Filter>
    </ClInclude>
    <ClInclude Include="UIManager.h">
      <Filter>Manager</Filter>
    </ClInclude>
    <ClInclude Include="GeneratorManager.h">
      <Filter>Manager</Filter>
    </ClInclude>
    <ClInclude Include="InputManager.h">
      <Filter>Manager</Filter>
    </ClInclude>
    <ClInclude Include="ResourceManager.h">
      <Filter>Manager</Filter>
    </ClInclude>
    <ClInclude Include="SceneManager.h">
      <Filter>Manager</Filter>
    </ClInclude>
    <ClInclude Include="Graphics.h">
      <Filter>Internal</Filter>
    </ClInclude>
    <ClInclude Include="Mouse.h">
      <Filter>Internal</Filter>
    </ClInclude>
    <ClInclude Include="Window.h">
      <Filter>Internal</Filter>
    </ClInclude>
    <ClInclude Include="InputData.h">
      <Filter>Manager</Filter>
    </ClInclude>
    <ClInclude Include="resource.h">
      <Filter>Resources</Filter>
    </ClInclude>
    <ClInclude Include="Subject.h">
      <Filter>Patterns\Observer</Filter>
    </ClInclude>
    <ClInclude Include="Observer.h">
      <Filter>Patterns\Observer</Filter>
    </ClInclude>
    <ClInclude Include="SceneSerializer.h">
      <Filter>General</Filter>
    </ClInclude>
    <ClInclude Include="Generator.h">
      <Filter>Generator</Filter>
    </ClInclude>
    <ClInclude Include="GeneratorData.h">
      <Filter>Generator</Filter>
    </ClInclude>
    <ClInclude Include="GeneratorSettings.h">
      <Filter>Generator</Filter>
    </ClInclude>
    <ClInclude Include="NoiseGenerator.h">
      <Filter>Generator</Filter>
    </ClInclude>
    <ClInclude Include="TerrainGenerator.h">
      <Filter>Generator</Filter>
    </ClInclude>
    <ClInclude Include="TerrainSettings.h">
      <Filter>Generator</Filter>
    </ClInclude>
    <ClInclude Include="Locator.h">
      <Filter>Patterns\Locator</Filter>
    </ClInclude>
    <ClInclude Include="ResourceData.h">
      <Filter>Manager</Filter>
    </ClInclude>
    <ClInclude Include="ConsoleUI.h">
      <Filter>UI\General</Filter>
    </ClInclude>
    <ClInclude Include="HierarchyUI.h">
      <Filter>UI\General</Filter>
    </ClInclude>
    <ClInclude Include="InspectorUI.h">
      <Filter>UI\General</Filter>
    </ClInclude>
    <ClInclude Include="ViewportUI.h">
      <Filter>UI\General</Filter>
    </ClInclude>
    <ClInclude Include="DemoUI.h">
      <Filter>UI\Test</Filter>
    </ClInclude>
    <ClInclude Include="GeneratorUI.h">
      <Filter>UI\Test</Filter>
    </ClInclude>
    <ClInclude Include="OBJWriter.h">
      <Filter>Geometry\OBJ</Filter>
    </ClInclude>
  </ItemGroup>
  <ItemGroup>
    <Filter Include="General">
      <UniqueIdentifier>{568479d2-3dc0-4852-8cff-df6da8b373a2}</UniqueIdentifier>
    </Filter>
    <Filter Include="UI">
      <UniqueIdentifier>{f2b66333-956d-40e7-bc10-494a2fd7e261}</UniqueIdentifier>
    </Filter>
    <Filter Include="Patterns">
      <UniqueIdentifier>{1135832e-35cb-4d78-a674-17c20f2d2392}</UniqueIdentifier>
    </Filter>
    <Filter Include="Patterns\Components">
      <UniqueIdentifier>{35b3e34a-6937-417a-a62d-48a0653b06ab}</UniqueIdentifier>
    </Filter>
    <Filter Include="Patterns\Command">
      <UniqueIdentifier>{f9f51db8-8e73-479c-ac3e-28ede37419f3}</UniqueIdentifier>
    </Filter>
    <Filter Include="Logging">
      <UniqueIdentifier>{c0730aae-1115-487d-a497-ae0e19746356}</UniqueIdentifier>
    </Filter>
    <Filter Include="Geometry">
      <UniqueIdentifier>{b96aed3a-5335-4e15-b110-c047812be84a}</UniqueIdentifier>
    </Filter>
    <Filter Include="Geometry\Mesh">
      <UniqueIdentifier>{928c63ac-6083-4feb-a2fc-e8b7ad08230a}</UniqueIdentifier>
    </Filter>
    <Filter Include="Geometry\Material">
      <UniqueIdentifier>{054096bc-9bb4-41de-bc27-d0907a4a6e6a}</UniqueIdentifier>
    </Filter>
    <Filter Include="Geometry\Texture">
      <UniqueIdentifier>{8157308b-e768-4bc5-a8a8-1d9af60c7d4d}</UniqueIdentifier>
    </Filter>
    <Filter Include="Helpers">
      <UniqueIdentifier>{6cb0d5fe-32d4-4424-b288-21baf370adc0}</UniqueIdentifier>
    </Filter>
    <Filter Include="Data structures">
      <UniqueIdentifier>{1335ff6b-8e72-4694-843c-f7dd74dd7b73}</UniqueIdentifier>
    </Filter>
    <Filter Include="Manager">
      <UniqueIdentifier>{314f0dae-70a9-4897-96c9-123e5b02813b}</UniqueIdentifier>
    </Filter>
    <Filter Include="Internal">
      <UniqueIdentifier>{21c42405-b0c3-4cf8-8a0a-164a5516ff6c}</UniqueIdentifier>
    </Filter>
    <Filter Include="Resources">
      <UniqueIdentifier>{4975cc48-eec4-41ee-abea-8fef3dfbec8c}</UniqueIdentifier>
    </Filter>
    <Filter Include="Patterns\Observer">
      <UniqueIdentifier>{0c2d07c4-7c12-4424-8b7e-6ef3c149e310}</UniqueIdentifier>
    </Filter>
    <Filter Include="Generator">
      <UniqueIdentifier>{93fee3ca-b63e-4959-8e7f-62beb74cc748}</UniqueIdentifier>
    </Filter>
    <Filter Include="Patterns\Locator">
      <UniqueIdentifier>{b3036e5f-7897-4465-93cd-b113d2613692}</UniqueIdentifier>
    </Filter>
    <Filter Include="UI\General">
      <UniqueIdentifier>{e078a641-8de7-4446-93c7-3f7c54c3d835}</UniqueIdentifier>
    </Filter>
    <Filter Include="UI\Test">
      <UniqueIdentifier>{5549de4d-4732-4d30-a3cf-92097af2296e}</UniqueIdentifier>
    </Filter>
    <Filter Include="Geometry\OBJ">
      <UniqueIdentifier>{b5465964-fd1f-497f-be72-3d16000db4ab}</UniqueIdentifier>
    </Filter>
  </ItemGroup>
</Project>