<?xml version="1.0" encoding="utf-8"?>
<Project ToolsVersion="4.0" xmlns="http://schemas.microsoft.com/developer/msbuild/2003">
  <ItemGroup>
    <Filter Include="General">
      <UniqueIdentifier>{193f5041-a0de-4dc4-be4c-3f12c268479f}</UniqueIdentifier>
    </Filter>
    <Filter Include="Resources">
      <UniqueIdentifier>{ff9b91ca-99ae-4e4c-88ad-f18e84beb052}</UniqueIdentifier>
    </Filter>
    <Filter Include="Resources\Resource Files">
      <UniqueIdentifier>{67DA6AB6-F800-4c08-8B7A-83BB121AAD01}</UniqueIdentifier>
      <Extensions>rc;ico;cur;bmp;dlg;rc2;rct;bin;rgs;gif;jpg;jpeg;jpe;resx;tiff;tif;png;wav;mfcribbon-ms</Extensions>
    </Filter>
    <Filter Include="Graphics">
      <UniqueIdentifier>{c96ef19d-8330-4983-9918-75587309f02e}</UniqueIdentifier>
    </Filter>
    <Filter Include="Mesh">
      <UniqueIdentifier>{38aafb86-c917-4278-830e-a08ff564f3c3}</UniqueIdentifier>
    </Filter>
    <Filter Include="Game">
      <UniqueIdentifier>{427aff19-c1b0-49cf-9436-2a82534925d5}</UniqueIdentifier>
    </Filter>
    <Filter Include="Components">
      <UniqueIdentifier>{66b73983-6743-42bc-bb91-326218180c2f}</UniqueIdentifier>
    </Filter>
    <Filter Include="Managers">
      <UniqueIdentifier>{6741469e-708d-49b3-9f7b-c37d16ab51a8}</UniqueIdentifier>
    </Filter>
    <Filter Include="Logging">
      <UniqueIdentifier>{93cc6af8-4aa7-4b4d-a8bd-57d7ffac8048}</UniqueIdentifier>
    </Filter>
    <Filter Include="Locator">
      <UniqueIdentifier>{f03163b5-acad-49ed-b799-793ab34c502b}</UniqueIdentifier>
    </Filter>
    <Filter Include="Parser">
      <UniqueIdentifier>{a4bb3ee2-e75d-41c5-9cce-1865823cad8b}</UniqueIdentifier>
    </Filter>
    <Filter Include="Command">
      <UniqueIdentifier>{1db61475-d580-4975-a557-44eb4e55ed9d}</UniqueIdentifier>
    </Filter>
    <Filter Include="Command\BaseCommands">
      <UniqueIdentifier>{9d263f6a-efa0-4294-85e5-7528135d795a}</UniqueIdentifier>
    </Filter>
    <Filter Include="Generator">
      <UniqueIdentifier>{c2fb1ea4-77ff-44e1-95fa-f055ab0ed965}</UniqueIdentifier>
    </Filter>
    <Filter Include="Mesh\Material">
      <UniqueIdentifier>{5e4e47c3-b086-4bca-9c2f-860e1547ff2a}</UniqueIdentifier>
    </Filter>
    <Filter Include="Mesh\Material\BASE">
      <UniqueIdentifier>{4ded50f6-1f4c-4fca-8219-e65cffe6335a}</UniqueIdentifier>
    </Filter>
    <Filter Include="Mesh\Material\SPECIALIZED">
      <UniqueIdentifier>{72bc392d-6cda-4923-a677-407161b92fe3}</UniqueIdentifier>
    </Filter>
    <Filter Include="IMGUI">
      <UniqueIdentifier>{42e4314e-5474-41c0-a6f6-4ced943fedf0}</UniqueIdentifier>
    </Filter>
    <Filter Include="Observer">
      <UniqueIdentifier>{ab5ecc85-e98c-42b8-9b26-4960dc3727a7}</UniqueIdentifier>
    </Filter>
    <Filter Include="Graphics\UI">
      <UniqueIdentifier>{dd90c194-0712-42d5-8d82-06d3b2d62ef0}</UniqueIdentifier>
    </Filter>
    <Filter Include="Graphics\IMAGE">
      <UniqueIdentifier>{5f8ae89a-cbb9-4702-b4aa-ee657dac7145}</UniqueIdentifier>
    </Filter>
    <Filter Include="Helper">
      <UniqueIdentifier>{929cdb0a-7b6a-4188-931c-7ad34a5087dd}</UniqueIdentifier>
    </Filter>
    <Filter Include="Mesh\Texture">
      <UniqueIdentifier>{7b62509d-a30a-4d46-bcba-92c36acf2507}</UniqueIdentifier>
    </Filter>
  </ItemGroup>
  <ItemGroup>
    <ClCompile Include="pch.cpp" />
    <ClCompile Include="GameObject.cpp">
      <Filter>Game</Filter>
    </ClCompile>
    <ClCompile Include="Scene.cpp">
      <Filter>Game</Filter>
    </ClCompile>
    <ClCompile Include="Component.cpp">
      <Filter>Components</Filter>
    </ClCompile>
    <ClCompile Include="TransformComponent.cpp">
      <Filter>Components</Filter>
    </ClCompile>
    <ClCompile Include="SceneManager.cpp">
      <Filter>Managers</Filter>
    </ClCompile>
    <ClCompile Include="DebugLogger.cpp">
      <Filter>Logging</Filter>
    </ClCompile>
    <ClCompile Include="Locator.cpp">
      <Filter>Locator</Filter>
    </ClCompile>
    <ClCompile Include="InputManager.cpp">
      <Filter>Managers</Filter>
    </ClCompile>
    <ClCompile Include="Timer.cpp">
      <Filter>General</Filter>
    </ClCompile>
    <ClCompile Include="Game.cpp">
      <Filter>Game</Filter>
    </ClCompile>
    <ClCompile Include="VanaheimEngine.cpp" />
    <ClCompile Include="ResourceManager.cpp">
      <Filter>Managers</Filter>
    </ClCompile>
    <ClCompile Include="ModelComponent.cpp">
      <Filter>Components</Filter>
    </ClCompile>
    <ClCompile Include="Mesh.cpp">
      <Filter>Mesh</Filter>
    </ClCompile>
    <ClCompile Include="RenderComponent.cpp">
      <Filter>Components</Filter>
    </ClCompile>
    <ClCompile Include="OBJParser.cpp">
      <Filter>Parser</Filter>
    </ClCompile>
    <ClCompile Include="CameraComponent.cpp">
      <Filter>Components</Filter>
    </ClCompile>
    <ClCompile Include="Material.cpp">
      <Filter>Mesh\Material\BASE</Filter>
    </ClCompile>
    <ClCompile Include="Material_GPUInstance.cpp">
      <Filter>Mesh\Material\SPECIALIZED</Filter>
    </ClCompile>
    <ClCompile Include="Material_Basic.cpp">
      <Filter>Mesh\Material\SPECIALIZED</Filter>
    </ClCompile>
    <ClCompile Include="Command.cpp">
      <Filter>Command</Filter>
    </ClCompile>
    <ClCompile Include="MoveCameraCommand.cpp">
      <Filter>Command\BaseCommands</Filter>
    </ClCompile>
    <ClCompile Include="RotateCameraCommand.cpp">
      <Filter>Command\BaseCommands</Filter>
    </ClCompile>
    <ClCompile Include="..\Libs\IMGUI\backends\imgui_impl_dx11.cpp">
      <Filter>IMGUI</Filter>
    </ClCompile>
    <ClCompile Include="..\Libs\IMGUI\imgui.cpp">
      <Filter>IMGUI</Filter>
    </ClCompile>
    <ClCompile Include="..\Libs\IMGUI\imgui_demo.cpp">
      <Filter>IMGUI</Filter>
    </ClCompile>
    <ClCompile Include="..\Libs\IMGUI\imgui_draw.cpp">
      <Filter>IMGUI</Filter>
    </ClCompile>
    <ClCompile Include="..\Libs\IMGUI\imgui_tables.cpp">
      <Filter>IMGUI</Filter>
    </ClCompile>
    <ClCompile Include="..\Libs\IMGUI\imgui_widgets.cpp">
      <Filter>IMGUI</Filter>
    </ClCompile>
    <ClCompile Include="..\Libs\IMGUI\backends\imgui_impl_win32.cpp">
      <Filter>IMGUI</Filter>
    </ClCompile>
    <ClCompile Include="UIComponent.cpp">
      <Filter>Components</Filter>
    </ClCompile>
    <ClCompile Include="Observer.cpp">
      <Filter>Observer</Filter>
    </ClCompile>
    <ClCompile Include="Generator.cpp">
      <Filter>Generator</Filter>
    </ClCompile>
    <ClCompile Include="GeneratorManager.cpp">
      <Filter>Managers</Filter>
    </ClCompile>
    <ClCompile Include="Subject.cpp">
      <Filter>Observer</Filter>
    </ClCompile>
    <ClCompile Include="UI.cpp">
      <Filter>Graphics\UI</Filter>
    </ClCompile>
    <ClCompile Include="DemoUI.cpp">
      <Filter>Graphics\UI</Filter>
    </ClCompile>
    <ClCompile Include="GeneratorUI.cpp">
      <Filter>Graphics\UI</Filter>
    </ClCompile>
    <ClCompile Include="UIManager.cpp">
      <Filter>Managers</Filter>
    </ClCompile>
    <ClCompile Include="Image.cpp">
      <Filter>Graphics\IMAGE</Filter>
    </ClCompile>
    <ClCompile Include="Material_ProcGen.cpp">
      <Filter>Mesh\Material\SPECIALIZED</Filter>
    </ClCompile>
    <ClCompile Include="Texture.cpp">
      <Filter>Mesh\Texture</Filter>
    </ClCompile>
    <ClCompile Include="NoiseGenerator.cpp">
      <Filter>Generator</Filter>
    </ClCompile>
    <ClCompile Include="TerrainGenerator.cpp">
      <Filter>Generator</Filter>
    </ClCompile>
    <ClCompile Include="Graphics.cpp">
      <Filter>Graphics</Filter>
    </ClCompile>
    <ClCompile Include="Window.cpp">
      <Filter>Graphics</Filter>
    </ClCompile>
  </ItemGroup>
  <ItemGroup>
    <ClInclude Include="resource.h">
      <Filter>Resources</Filter>
    </ClInclude>
    <ClInclude Include="pch.h" />
    <ClInclude Include="GameObject.h">
      <Filter>Game</Filter>
    </ClInclude>
    <ClInclude Include="Scene.h">
      <Filter>Game</Filter>
    </ClInclude>
    <ClInclude Include="Component.h">
      <Filter>Components</Filter>
    </ClInclude>
    <ClInclude Include="TransformComponent.h">
      <Filter>Components</Filter>
    </ClInclude>
    <ClInclude Include="SceneManager.h">
      <Filter>Managers</Filter>
    </ClInclude>
    <ClInclude Include="DebugLogger.h">
      <Filter>Logging</Filter>
    </ClInclude>
    <ClInclude Include="Locator.h">
      <Filter>Locator</Filter>
    </ClInclude>
    <ClInclude Include="InputData.h">
      <Filter>Managers</Filter>
    </ClInclude>
    <ClInclude Include="InputManager.h">
      <Filter>Managers</Filter>
    </ClInclude>
    <ClInclude Include="Timer.h">
      <Filter>General</Filter>
    </ClInclude>
    <ClInclude Include="Game.h">
      <Filter>Game</Filter>
    </ClInclude>
    <ClInclude Include="VanaheimEngine.h" />
    <ClInclude Include="ResourceManager.h">
      <Filter>Managers</Filter>
    </ClInclude>
    <ClInclude Include="ResourceData.h">
      <Filter>Managers</Filter>
    </ClInclude>
    <ClInclude Include="ModelComponent.h">
      <Filter>Components</Filter>
    </ClInclude>
    <ClInclude Include="Mesh.h">
      <Filter>Mesh</Filter>
    </ClInclude>
    <ClInclude Include="RenderComponent.h">
      <Filter>Components</Filter>
    </ClInclude>
    <ClInclude Include="OBJParser.h">
      <Filter>Parser</Filter>
    </ClInclude>
    <ClInclude Include="CameraComponent.h">
      <Filter>Components</Filter>
    </ClInclude>
    <ClInclude Include="Material.h">
      <Filter>Mesh\Material\BASE</Filter>
    </ClInclude>
    <ClInclude Include="Material_GPUInstance.h">
      <Filter>Mesh\Material\SPECIALIZED</Filter>
    </ClInclude>
    <ClInclude Include="Material_Basic.h">
      <Filter>Mesh\Material\SPECIALIZED</Filter>
    </ClInclude>
    <ClInclude Include="Command.h">
      <Filter>Command</Filter>
    </ClInclude>
    <ClInclude Include="MoveCameraCommand.h">
      <Filter>Command\BaseCommands</Filter>
    </ClInclude>
    <ClInclude Include="RotateCameraCommand.h">
      <Filter>Command\BaseCommands</Filter>
    </ClInclude>
    <ClInclude Include="GeneratorData.h">
      <Filter>Generator</Filter>
    </ClInclude>
    <ClInclude Include="..\Libs\IMGUI\backends\imgui_impl_dx11.h">
      <Filter>IMGUI</Filter>
    </ClInclude>
    <ClInclude Include="..\Libs\IMGUI\imconfig.h">
      <Filter>IMGUI</Filter>
    </ClInclude>
    <ClInclude Include="..\Libs\IMGUI\imgui.h">
      <Filter>IMGUI</Filter>
    </ClInclude>
    <ClInclude Include="..\Libs\IMGUI\imgui_internal.h">
      <Filter>IMGUI</Filter>
    </ClInclude>
    <ClInclude Include="..\Libs\IMGUI\imstb_rectpack.h">
      <Filter>IMGUI</Filter>
    </ClInclude>
    <ClInclude Include="..\Libs\IMGUI\imstb_textedit.h">
      <Filter>IMGUI</Filter>
    </ClInclude>
    <ClInclude Include="..\Libs\IMGUI\imstb_truetype.h">
      <Filter>IMGUI</Filter>
    </ClInclude>
    <ClInclude Include="..\Libs\IMGUI\backends\imgui_impl_win32.h">
      <Filter>IMGUI</Filter>
    </ClInclude>
    <ClInclude Include="UIComponent.h">
      <Filter>Components</Filter>
    </ClInclude>
    <ClInclude Include="Observer.h">
      <Filter>Observer</Filter>
    </ClInclude>
    <ClInclude Include="Generator.h">
      <Filter>Generator</Filter>
    </ClInclude>
    <ClInclude Include="GeneratorManager.h">
      <Filter>Managers</Filter>
    </ClInclude>
    <ClInclude Include="Subject.h">
      <Filter>Observer</Filter>
    </ClInclude>
    <ClInclude Include="UI.h">
      <Filter>Graphics\UI</Filter>
    </ClInclude>
    <ClInclude Include="GeneratorUI.h">
      <Filter>Graphics\UI</Filter>
    </ClInclude>
    <ClInclude Include="DemoUI.h">
      <Filter>Graphics\UI</Filter>
    </ClInclude>
    <ClInclude Include="UIManager.h">
      <Filter>Managers</Filter>
    </ClInclude>
    <ClInclude Include="Image.h">
      <Filter>Graphics\IMAGE</Filter>
    </ClInclude>
    <ClInclude Include="MathHelper.h">
      <Filter>Helper</Filter>
    </ClInclude>
    <ClInclude Include="Material_ProcGen.h">
      <Filter>Mesh\Material\SPECIALIZED</Filter>
    </ClInclude>
    <ClInclude Include="Texture.h">
      <Filter>Mesh\Texture</Filter>
    </ClInclude>
    <ClInclude Include="TerrainSettings.h">
      <Filter>Generator</Filter>
    </ClInclude>
    <ClInclude Include="NoiseGenerator.h">
      <Filter>Generator</Filter>
    </ClInclude>
    <ClInclude Include="TerrainGenerator.h">
      <Filter>Generator</Filter>
    </ClInclude>
    <ClInclude Include="GeneratorSettings.h">
      <Filter>Generator</Filter>
    </ClInclude>
    <ClInclude Include="Graphics.h">
      <Filter>Graphics</Filter>
    </ClInclude>
    <ClInclude Include="Window.h">
      <Filter>Graphics</Filter>
    </ClInclude>
  </ItemGroup>
  <ItemGroup>
    <ResourceCompile Include="VanaheimEngine1.rc">
      <Filter>Resources\Resource Files</Filter>
    </ResourceCompile>
  </ItemGroup>
  <ItemGroup>
    <Image Include="Resources\icon.ico">
      <Filter>Resources\Resource Files</Filter>
    </Image>
  </ItemGroup>
</Project>